
Microsoft Visual Studio Solution File, Format Version 12.00
# Visual Studio Version 16
VisualStudioVersion = 16.0.30503.244
MinimumVisualStudioVersion = 10.0.40219.1
Project("{FAE04EC0-301F-11D3-BF4B-00C04F79EFBC}") = "Booking-Tour", "Booking-Tour\Booking-Tour.csproj", "{274FEA29-F7BE-475C-B466-C8DB780F9E99}"
EndProject
Global
	GlobalSection(SolutionConfigurationPlatforms) = preSolution
		Debug|Any CPU = Debug|Any CPU
		Release|Any CPU = Release|Any CPU
	EndGlobalSection
	GlobalSection(ProjectConfigurationPlatforms) = postSolution
		{274FEA29-F7BE-475C-B466-C8DB780F9E99}.Debug|Any CPU.ActiveCfg = Debug|Any CPU
		{274FEA29-F7BE-475C-B466-C8DB780F9E99}.Debug|Any CPU.Build.0 = Debug|Any CPU
		{274FEA29-F7BE-475C-B466-C8DB780F9E99}.Release|Any CPU.ActiveCfg = Release|Any CPU
		{274FEA29-F7BE-475C-B466-C8DB780F9E99}.Release|Any CPU.Build.0 = Release|Any CPU
	EndGlobalSection
	GlobalSection(SolutionProperties) = preSolution
		HideSolutionNode = FALSE
	EndGlobalSection
	GlobalSection(ExtensibilityGlobals) = postSolution
		SolutionGuid = {0E9A25F7-3B05-4A39-A275-15C5EEB8A7FF}
	EndGlobalSection
EndGlobal
